# generated by rye
# use `rye lock` or `rye sync` to update this lockfile
#
# last locked with the following flags:
#   pre: false
#   features: []
#   all-features: false
#   with-sources: false

-e file:.
black==24.4.0
    # via highkit
    # via template
click==8.1.7
    # via black
    # via template
coverage==7.4.4
    # via highkit
    # via template
dllist==1.1.0
    # via template
ext @ file:///home/user/Desktop/bench/template/extensions/ext
    # via template
extc @ file:/home/user/Desktop/bench/template/extensions/extc
    # via template
extcython @ file:/home/user/Desktop/bench/template/extensions/extcython
    # via template
extrust @ file:/home/user/Desktop/bench/template/extensions/extrust
    # via template
flake8==7.0.0
    # via highkit
    # via template
highkit @ git+https://github.com/terminal-labs-bem/highkit.git@5c789da9d58952374e1902f13c7870b6fafba932
    # via template
iniconfig==2.0.0
    # via pytest
lowkit @ git+https://github.com/terminal-labs-bem/lowkit.git@f98fbacc90c900173a35ba1643f32998b51e374e
    # via highkit
    # via template
mccabe==0.7.0
    # via flake8
mypy-extensions==1.0.0
    # via black
packaging==24.0
    # via black
    # via pytest
pathspec==0.12.1
    # via black
pip==24.0
    # via extc
    # via template
platformdirs==4.2.0
    # via black
pluggy==1.4.0
    # via pytest
psutil==5.9.8
    # via template
py-cpuinfo==9.0.0
    # via template
pycodestyle==2.11.1
    # via flake8
pyflakes==3.2.0
    # via flake8
pytest==8.1.1
    # via highkit
    # via template
setuptools==69.5.1
    # via template
texttable==1.7.0
    # via template
